dependencies:
- name: common
  repository: https://charts.bitnami.com/bitnami
  version: 2.4.0
- name: flux
  repository: https://charts.bitnami.com/bitnami
  version: 0.3.3
- name: ingress-nginx
  repository: https://kubernetes.github.io/ingress-nginx
  version: 4.7.0
- name: cert-manager
  repository: https://charts.jetstack.io
  version: v1.12.1
digest: sha256:befc774d38d4b5ce4f0689f827980de5fe9d96cab930f811254b302b89678516
generated: "2023-06-09T15:01:27.573893614-05:00"
